
Microsoft Visual Studio Solution File, Format Version 12.00
# Visual Studio Version 16
VisualStudioVersion = 16.0.30413.136
MinimumVisualStudioVersion = 10.0.40219.1
Project("{FAE04EC0-301F-11D3-BF4B-00C04F79EFBC}") = "Lab2", "Lab2.csproj", "{FF817EF9-5DCB-4F18-BA3F-EF82AE30D73C}"
EndProject
Global
	GlobalSection(SolutionConfigurationPlatforms) = preSolution
		Debug|Any CPU = Debug|Any CPU
		Release|Any CPU = Release|Any CPU
	EndGlobalSection
	GlobalSection(ProjectConfigurationPlatforms) = postSolution
		{FF817EF9-5DCB-4F18-BA3F-EF82AE30D73C}.Debug|Any CPU.ActiveCfg = Debug|Any CPU
		{FF817EF9-5DCB-4F18-BA3F-EF82AE30D73C}.Debug|Any CPU.Build.0 = Debug|Any CPU
		{FF817EF9-5DCB-4F18-BA3F-EF82AE30D73C}.Release|Any CPU.ActiveCfg = Release|Any CPU
		{FF817EF9-5DCB-4F18-BA3F-EF82AE30D73C}.Release|Any CPU.Build.0 = Release|Any CPU
	EndGlobalSection
	GlobalSection(SolutionProperties) = preSolution
		HideSolutionNode = FALSE
	EndGlobalSection
	GlobalSection(ExtensibilityGlobals) = postSolution
		SolutionGuid = {F537FC19-517D-468B-8DB3-B32454233842}
	EndGlobalSection
EndGlobal
